
Microsoft Visual Studio Solution File, Format Version 12.00
# Visual Studio 14
VisualStudioVersion = 14.0.25123.0
MinimumVisualStudioVersion = 10.0.40219.1
Project("{D954291E-2A0B-460D-934E-DC6B0785DB48}") = "WorklightSample", "WorklightSample.shproj", "{6D9B7318-FC5A-4A96-9740-1D8BAF49663C}"
EndProject
Project("{FAE04EC0-301F-11D3-BF4B-00C04F79EFBC}") = "WorklightSample.iOS", "iOS\WorklightSample.iOS.csproj", "{E981F3B1-B141-489F-94F0-12471EB3D593}"
EndProject
Project("{FAE04EC0-301F-11D3-BF4B-00C04F79EFBC}") = "WorklightSample.Android", "Android\WorklightSample.Android.csproj", "{2B89DA8E-279A-410C-AC16-FB6AF2C4F7FE}"
EndProject
Global
	GlobalSection(SharedMSBuildProjectFiles) = preSolution
		WorklightSample.projitems*{6d9b7318-fc5a-4a96-9740-1d8baf49663c}*SharedItemsImports = 13
		WorklightSample.projitems*{2b89da8e-279a-410c-ac16-fb6af2c4f7fe}*SharedItemsImports = 4
		WorklightSample.projitems*{e981f3b1-b141-489f-94f0-12471eb3d593}*SharedItemsImports = 4
	EndGlobalSection
	GlobalSection(SolutionConfigurationPlatforms) = preSolution
		Ad-Hoc|Any CPU = Ad-Hoc|Any CPU
		Ad-Hoc|iPhone = Ad-Hoc|iPhone
		Ad-Hoc|iPhoneSimulator = Ad-Hoc|iPhoneSimulator
		AppStore|Any CPU = AppStore|Any CPU
		AppStore|iPhone = AppStore|iPhone
		AppStore|iPhoneSimulator = AppStore|iPhoneSimulator
		Debug|Any CPU = Debug|Any CPU
		Debug|iPhone = Debug|iPhone
		Debug|iPhoneSimulator = Debug|iPhoneSimulator
		Release|Any CPU = Release|Any CPU
		Release|iPhone = Release|iPhone
		Release|iPhoneSimulator = Release|iPhoneSimulator
	EndGlobalSection
	GlobalSection(ProjectConfigurationPlatforms) = postSolution
		{E981F3B1-B141-489F-94F0-12471EB3D593}.Ad-Hoc|Any CPU.ActiveCfg = Ad-Hoc|iPhoneSimulator
		{E981F3B1-B141-489F-94F0-12471EB3D593}.Ad-Hoc|iPhone.ActiveCfg = Ad-Hoc|iPhone
		{E981F3B1-B141-489F-94F0-12471EB3D593}.Ad-Hoc|iPhone.Build.0 = Ad-Hoc|iPhone
		{E981F3B1-B141-489F-94F0-12471EB3D593}.Ad-Hoc|iPhoneSimulator.ActiveCfg = Ad-Hoc|iPhoneSimulator
		{E981F3B1-B141-489F-94F0-12471EB3D593}.Ad-Hoc|iPhoneSimulator.Build.0 = Ad-Hoc|iPhoneSimulator
		{E981F3B1-B141-489F-94F0-12471EB3D593}.AppStore|Any CPU.ActiveCfg = AppStore|iPhoneSimulator
		{E981F3B1-B141-489F-94F0-12471EB3D593}.AppStore|iPhone.ActiveCfg = AppStore|iPhone
		{E981F3B1-B141-489F-94F0-12471EB3D593}.AppStore|iPhone.Build.0 = AppStore|iPhone
		{E981F3B1-B141-489F-94F0-12471EB3D593}.AppStore|iPhoneSimulator.ActiveCfg = AppStore|iPhoneSimulator
		{E981F3B1-B141-489F-94F0-12471EB3D593}.AppStore|iPhoneSimulator.Build.0 = AppStore|iPhoneSimulator
		{E981F3B1-B141-489F-94F0-12471EB3D593}.Debug|Any CPU.ActiveCfg = Debug|iPhoneSimulator
		{E981F3B1-B141-489F-94F0-12471EB3D593}.Debug|Any CPU.Build.0 = Debug|iPhoneSimulator
		{E981F3B1-B141-489F-94F0-12471EB3D593}.Debug|iPhone.ActiveCfg = Debug|iPhone
		{E981F3B1-B141-489F-94F0-12471EB3D593}.Debug|iPhone.Build.0 = Debug|iPhone
		{E981F3B1-B141-489F-94F0-12471EB3D593}.Debug|iPhoneSimulator.ActiveCfg = Debug|iPhoneSimulator
		{E981F3B1-B141-489F-94F0-12471EB3D593}.Debug|iPhoneSimulator.Build.0 = Debug|iPhoneSimulator
		{E981F3B1-B141-489F-94F0-12471EB3D593}.Release|Any CPU.ActiveCfg = Release|iPhoneSimulator
		{E981F3B1-B141-489F-94F0-12471EB3D593}.Release|Any CPU.Build.0 = Release|iPhoneSimulator
		{E981F3B1-B141-489F-94F0-12471EB3D593}.Release|iPhone.ActiveCfg = Release|iPhone
		{E981F3B1-B141-489F-94F0-12471EB3D593}.Release|iPhone.Build.0 = Release|iPhone
		{E981F3B1-B141-489F-94F0-12471EB3D593}.Release|iPhoneSimulator.ActiveCfg = Release|iPhoneSimulator
		{E981F3B1-B141-489F-94F0-12471EB3D593}.Release|iPhoneSimulator.Build.0 = Release|iPhoneSimulator
		{2B89DA8E-279A-410C-AC16-FB6AF2C4F7FE}.Ad-Hoc|Any CPU.ActiveCfg = Debug|Any CPU
		{2B89DA8E-279A-410C-AC16-FB6AF2C4F7FE}.Ad-Hoc|Any CPU.Build.0 = Debug|Any CPU
		{2B89DA8E-279A-410C-AC16-FB6AF2C4F7FE}.Ad-Hoc|Any CPU.Deploy.0 = Debug|Any CPU
		{2B89DA8E-279A-410C-AC16-FB6AF2C4F7FE}.Ad-Hoc|iPhone.ActiveCfg = Release|Any CPU
		{2B89DA8E-279A-410C-AC16-FB6AF2C4F7FE}.Ad-Hoc|iPhone.Build.0 = Release|Any CPU
		{2B89DA8E-279A-410C-AC16-FB6AF2C4F7FE}.Ad-Hoc|iPhoneSimulator.ActiveCfg = Debug|Any CPU
		{2B89DA8E-279A-410C-AC16-FB6AF2C4F7FE}.Ad-Hoc|iPhoneSimulator.Build.0 = Debug|Any CPU
		{2B89DA8E-279A-410C-AC16-FB6AF2C4F7FE}.Ad-Hoc|iPhoneSimulator.Deploy.0 = Debug|Any CPU
		{2B89DA8E-279A-410C-AC16-FB6AF2C4F7FE}.AppStore|Any CPU.ActiveCfg = Debug|Any CPU
		{2B89DA8E-279A-410C-AC16-FB6AF2C4F7FE}.AppStore|Any CPU.Build.0 = Debug|Any CPU
		{2B89DA8E-279A-410C-AC16-FB6AF2C4F7FE}.AppStore|Any CPU.Deploy.0 = Debug|Any CPU
		{2B89DA8E-279A-410C-AC16-FB6AF2C4F7FE}.AppStore|iPhone.ActiveCfg = Release|Any CPU
		{2B89DA8E-279A-410C-AC16-FB6AF2C4F7FE}.AppStore|iPhone.Build.0 = Release|Any CPU
		{2B89DA8E-279A-410C-AC16-FB6AF2C4F7FE}.AppStore|iPhoneSimulator.ActiveCfg = Debug|Any CPU
		{2B89DA8E-279A-410C-AC16-FB6AF2C4F7FE}.AppStore|iPhoneSimulator.Build.0 = Debug|Any CPU
		{2B89DA8E-279A-410C-AC16-FB6AF2C4F7FE}.AppStore|iPhoneSimulator.Deploy.0 = Debug|Any CPU
		{2B89DA8E-279A-410C-AC16-FB6AF2C4F7FE}.Debug|Any CPU.ActiveCfg = Debug|Any CPU
		{2B89DA8E-279A-410C-AC16-FB6AF2C4F7FE}.Debug|Any CPU.Build.0 = Debug|Any CPU
		{2B89DA8E-279A-410C-AC16-FB6AF2C4F7FE}.Debug|iPhone.ActiveCfg = Debug|Any CPU
		{2B89DA8E-279A-410C-AC16-FB6AF2C4F7FE}.Debug|iPhone.Build.0 = Debug|Any CPU
		{2B89DA8E-279A-410C-AC16-FB6AF2C4F7FE}.Debug|iPhoneSimulator.ActiveCfg = Debug|Any CPU
		{2B89DA8E-279A-410C-AC16-FB6AF2C4F7FE}.Debug|iPhoneSimulator.Build.0 = Debug|Any CPU
		{2B89DA8E-279A-410C-AC16-FB6AF2C4F7FE}.Release|Any CPU.ActiveCfg = Release|Any CPU
		{2B89DA8E-279A-410C-AC16-FB6AF2C4F7FE}.Release|Any CPU.Build.0 = Release|Any CPU
		{2B89DA8E-279A-410C-AC16-FB6AF2C4F7FE}.Release|iPhone.ActiveCfg = Release|Any CPU
		{2B89DA8E-279A-410C-AC16-FB6AF2C4F7FE}.Release|iPhone.Build.0 = Release|Any CPU
		{2B89DA8E-279A-410C-AC16-FB6AF2C4F7FE}.Release|iPhoneSimulator.ActiveCfg = Release|Any CPU
		{2B89DA8E-279A-410C-AC16-FB6AF2C4F7FE}.Release|iPhoneSimulator.Build.0 = Release|Any CPU
	EndGlobalSection
	GlobalSection(SolutionProperties) = preSolution
		HideSolutionNode = FALSE
	EndGlobalSection
	GlobalSection(MonoDevelopProperties) = preSolution
		Policies = $0
		$0.DotNetNamingPolicy = $1
		$1.DirectoryNamespaceAssociation = None
		$1.ResourceNamePolicy = FileFormatDefault
		$0.StandardHeader = $2
		$2.Text = 
		$2.IncludeInNewFiles = True
		version = 7.1.0.0
	EndGlobalSection
EndGlobal
